# This file was autogenerated by Stack.
# You should not edit this file by hand.
# For more information, please see the documentation at:
#   https://docs.haskellstack.org/en/stable/topics/lock_files

packages: []
snapshots:
- completed:
    sha256: 0261e550fbb78b03256755e90b4cde12c79dcab15dc5396f7d9e56b531d19bc9
    size: 719576
    url: https://raw.githubusercontent.com/commercialhaskell/stackage-snapshots/master/nightly/2026/1/11.yaml
  original: nightly-2026-01-11
