# This file was autogenerated by Stack.
# You should not edit this file by hand.
# For more information, please see the documentation at:
#   https://docs.haskellstack.org/en/stable/topics/lock_files

packages:
- completed:
    hackage: transformers-compat-0.8@sha256:246d2d55c4970592fb68d9d9282d1af719729af1a883c1c5b74fdd49d50866dc,3762
    pantry-tree:
      sha256: 5d5c99408af0ab2b0b7bfc0754e37bb19b73d2c3efe7ccd6ae5c1a954422615b
      size: 1225
  original:
    hackage: transformers-compat-0.8
snapshots:
- completed:
    sha256: a578d98b69e5742eaf2c42d870e9c5011e5f8b5ad216f04ca8f52caadc8bf89c
    size: 715419
    url: https://raw.githubusercontent.com/commercialhaskell/stackage-snapshots/master/nightly/2025/12/30.yaml
  original: nightly-2025-12-30
