# This file was autogenerated by Stack.
# You should not edit this file by hand.
# For more information, please see the documentation at:
#   https://docs.haskellstack.org/en/stable/topics/lock_files

packages: []
snapshots:
- completed:
    sha256: a578d98b69e5742eaf2c42d870e9c5011e5f8b5ad216f04ca8f52caadc8bf89c
    size: 715419
    url: https://raw.githubusercontent.com/commercialhaskell/stackage-snapshots/master/nightly/2025/12/30.yaml
  original: nightly-2025-12-30
