# This file was autogenerated by Stack.
# You should not edit this file by hand.
# For more information, please see the documentation at:
#   https://docs.haskellstack.org/en/stable/lock_files

packages:
- completed:
    hackage: mtl-2.3@sha256:9850384335d39f4307bdd8010c61b61cc2adb88adcb6820f8372f4d2f4905a3d,1830
    pantry-tree:
      size: 1852
      sha256: 0f60bd67fb750f8ce7471fbf8b88b62b75079270c3dc56b7ed59920e57fa124a
  original:
    hackage: mtl-2.3
- completed:
    hackage: mmorph-1.2.0@sha256:168ec57ce8434bd59d087e470aeb52882dc6513a275f360da0e770a26dcd5902,1069
    pantry-tree:
      size: 346
      sha256: 35608b4b28ecdd606a979270523bfc1a3c57e6027d2b4615b674490ed440b821
  original:
    hackage: mmorph-1.2.0
snapshots:
- completed:
    size: 618876
    url: https://raw.githubusercontent.com/commercialhaskell/stackage-snapshots/master/lts/19/6.yaml
    sha256: fb634b19f31da06684bb07ce02a20c75a3162138f279b388905b03ebd57bb50f
  original: lts-19.6
